
Microsoft Visual Studio Solution File, Format Version 12.00
# Visual Studio 14
VisualStudioVersion = 14.0.24720.0
MinimumVisualStudioVersion = 10.0.40219.1
Project("{FAE04EC0-301F-11D3-BF4B-00C04F79EFBC}") = "ViaGoGo.CD", "ViaGoGo.CD\ViaGoGo.CD.csproj", "{19640937-BA00-430F-91F3-CD152F35CA81}"
EndProject
Project("{FAE04EC0-301F-11D3-BF4B-00C04F79EFBC}") = "ViaGoGo.CD.Tests", "ViaGoGo.CD.Tests\ViaGoGo.CD.Tests.csproj", "{17CB3A7C-F364-4B9D-9779-0C6F9A12AA34}"
EndProject
Global
	GlobalSection(SolutionConfigurationPlatforms) = preSolution
		Debug|Any CPU = Debug|Any CPU
		Release|Any CPU = Release|Any CPU
	EndGlobalSection
	GlobalSection(ProjectConfigurationPlatforms) = postSolution
		{19640937-BA00-430F-91F3-CD152F35CA81}.Debug|Any CPU.ActiveCfg = Debug|Any CPU
		{19640937-BA00-430F-91F3-CD152F35CA81}.Debug|Any CPU.Build.0 = Debug|Any CPU
		{19640937-BA00-430F-91F3-CD152F35CA81}.Release|Any CPU.ActiveCfg = Release|Any CPU
		{19640937-BA00-430F-91F3-CD152F35CA81}.Release|Any CPU.Build.0 = Release|Any CPU
		{17CB3A7C-F364-4B9D-9779-0C6F9A12AA34}.Debug|Any CPU.ActiveCfg = Debug|Any CPU
		{17CB3A7C-F364-4B9D-9779-0C6F9A12AA34}.Debug|Any CPU.Build.0 = Debug|Any CPU
		{17CB3A7C-F364-4B9D-9779-0C6F9A12AA34}.Release|Any CPU.ActiveCfg = Release|Any CPU
		{17CB3A7C-F364-4B9D-9779-0C6F9A12AA34}.Release|Any CPU.Build.0 = Release|Any CPU
	EndGlobalSection
	GlobalSection(SolutionProperties) = preSolution
		HideSolutionNode = FALSE
	EndGlobalSection
EndGlobal
